// !$*UTF8*$!
{
	archiveVersion = 1;
	classes = {
	};
	objectVersion = 50;
	objects = {

/* Begin PBXBuildFile section */
		816271E7234C9F3200D2770B /* Logging.swift in Sources */ = {isa = PBXBuildFile; fileRef = 816271E6234C9F3200D2770B /* Logging.swift */; };
		81A291B4234E1FF7005790AE /* MathJax in Resources */ = {isa = PBXBuildFile; fileRef = 81A291B2234E1FF7005790AE /* MathJax */; };
		81A291B5234E1FF7005790AE /* Katex in Resources */ = {isa = PBXBuildFile; fileRef = 81A291B3234E1FF7005790AE /* Katex */; };
		81B1BEDE232951F7009CBE44 /* AppDelegate.swift in Sources */ = {isa = PBXBuildFile; fileRef = 81B1BEDD232951F7009CBE44 /* AppDelegate.swift */; };
		81B1BEE0232951F7009CBE44 /* ViewController.swift in Sources */ = {isa = PBXBuildFile; fileRef = 81B1BEDF232951F7009CBE44 /* ViewController.swift */; };
		81B1BEE3232951F7009CBE44 /* Main.storyboard in Resources */ = {isa = PBXBuildFile; fileRef = 81B1BEE1232951F7009CBE44 /* Main.storyboard */; };
		81B1BEE5232951F8009CBE44 /* Assets.xcassets in Resources */ = {isa = PBXBuildFile; fileRef = 81B1BEE4232951F8009CBE44 /* Assets.xcassets */; };
		81B1BEE8232951F8009CBE44 /* LaunchScreen.storyboard in Resources */ = {isa = PBXBuildFile; fileRef = 81B1BEE6232951F8009CBE44 /* LaunchScreen.storyboard */; };
		81B1BEF2232953FD009CBE44 /* Test.html in Resources */ = {isa = PBXBuildFile; fileRef = 81B1BEF1232953FD009CBE44 /* Test.html */; };
/* End PBXBuildFile section */

/* Begin PBXFileReference section */
		816271E6234C9F3200D2770B /* Logging.swift */ = {isa = PBXFileReference; fileEncoding = 4; lastKnownFileType = sourcecode.swift; path = Logging.swift; sourceTree = "<group>"; };
		81A291B2234E1FF7005790AE /* MathJax */ = {isa = PBXFileReference; lastKnownFileType = folder; path = MathJax; sourceTree = "<group>"; };
		81A291B3234E1FF7005790AE /* Katex */ = {isa = PBXFileReference; lastKnownFileType = folder; path = Katex; sourceTree = "<group>"; };
		81B1BEDA232951F7009CBE44 /* MathJaxSample.app */ = {isa = PBXFileReference; explicitFileType = wrapper.application; includeInIndex = 0; path = MathJaxSample.app; sourceTree = BUILT_PRODUCTS_DIR; };
		81B1BEDD232951F7009CBE44 /* AppDelegate.swift */ = {isa = PBXFileReference; lastKnownFileType = sourcecode.swift; path = AppDelegate.swift; sourceTree = "<group>"; };
		81B1BEDF232951F7009CBE44 /* ViewController.swift */ = {isa = PBXFileReference; lastKnownFileType = sourcecode.swift; path = ViewController.swift; sourceTree = "<group>"; };
		81B1BEE2232951F7009CBE44 /* Base */ = {isa = PBXFileReference; lastKnownFileType = file.storyboard; name = Base; path = Base.lproj/Main.storyboard; sourceTree = "<group>"; };
		81B1BEE4232951F8009CBE44 /* Assets.xcassets */ = {isa = PBXFileReference; lastKnownFileType = folder.assetcatalog; path = Assets.xcassets; sourceTree = "<group>"; };
		81B1BEE7232951F8009CBE44 /* Base */ = {isa = PBXFileReference; lastKnownFileType = file.storyboard; name = Base; path = Base.lproj/LaunchScreen.storyboard; sourceTree = "<group>"; };
		81B1BEE9232951F8009CBE44 /* Info.plist */ = {isa = PBXFileReference; lastKnownFileType = text.plist.xml; path = Info.plist; sourceTree = "<group>"; };
		81B1BEF1232953FD009CBE44 /* Test.html */ = {isa = PBXFileReference; lastKnownFileType = text.html; path = Test.html; sourceTree = "<group>"; };
/* End PBXFileReference section */

/* Begin PBXFrameworksBuildPhase section */
		81B1BED7232951F7009CBE44 /* Frameworks */ = {
			isa = PBXFrameworksBuildPhase;
			buildActionMask = 2147483647;
			files = (
			);
			runOnlyForDeploymentPostprocessing = 0;
		};
/* End PBXFrameworksBuildPhase section */

/* Begin PBXGroup section */
		816271E5234C9F3200D2770B /* Logging */ = {
			isa = PBXGroup;
			children = (
				816271E6234C9F3200D2770B /* Logging.swift */,
			);
			name = Logging;
			path = MathJaxSample/Logging;
			sourceTree = "<group>";
		};
		81B1BED1232951F7009CBE44 = {
			isa = PBXGroup;
			children = (
				81A291B3234E1FF7005790AE /* Katex */,
				81A291B2234E1FF7005790AE /* MathJax */,
				816271E5234C9F3200D2770B /* Logging */,
				81B1BEDC232951F7009CBE44 /* MathJaxSample */,
				81B1BEDB232951F7009CBE44 /* Products */,
			);
			sourceTree = "<group>";
		};
		81B1BEDB232951F7009CBE44 /* Products */ = {
			isa = PBXGroup;
			children = (
				81B1BEDA232951F7009CBE44 /* MathJaxSample.app */,
			);
			name = Products;
			sourceTree = "<group>";
		};
		81B1BEDC232951F7009CBE44 /* MathJaxSample */ = {
			isa = PBXGroup;
			children = (
				81B1BEDD232951F7009CBE44 /* AppDelegate.swift */,
				81B1BEDF232951F7009CBE44 /* ViewController.swift */,
				81B1BEE1232951F7009CBE44 /* Main.storyboard */,
				81B1BEE4232951F8009CBE44 /* Assets.xcassets */,
				81B1BEE6232951F8009CBE44 /* LaunchScreen.storyboard */,
				81B1BEE9232951F8009CBE44 /* Info.plist */,
				81B1BEF1232953FD009CBE44 /* Test.html */,
			);
			path = MathJaxSample;
			sourceTree = "<group>";
		};
/* End PBXGroup section */

/* Begin PBXNativeTarget section */
		81B1BED9232951F7009CBE44 /* MathJaxSample */ = {
			isa = PBXNativeTarget;
			buildConfigurationList = 81B1BEEC232951F8009CBE44 /* Build configuration list for PBXNativeTarget "MathJaxSample" */;
			buildPhases = (
				81B1BED6232951F7009CBE44 /* Sources */,
				81B1BED7232951F7009CBE44 /* Frameworks */,
				81B1BED8232951F7009CBE44 /* Resources */,
			);
			buildRules = (
			);
			dependencies = (
			);
			name = MathJaxSample;
			productName = MathJaxSample;
			productReference = 81B1BEDA232951F7009CBE44 /* MathJaxSample.app */;
			productType = "com.apple.product-type.application";
		};
/* End PBXNativeTarget section */

/* Begin PBXProject section */
		81B1BED2232951F7009CBE44 /* Project object */ = {
			isa = PBXProject;
			attributes = {
				LastSwiftUpdateCheck = 1030;
				LastUpgradeCheck = 1030;
				ORGANIZATIONNAME = "Strazdin, Valentin";
				TargetAttributes = {
					81B1BED9232951F7009CBE44 = {
						CreatedOnToolsVersion = 10.3;
					};
				};
			};
			buildConfigurationList = 81B1BED5232951F7009CBE44 /* Build configuration list for PBXProject "MathJaxSample" */;
			compatibilityVersion = "Xcode 9.3";
			developmentRegion = en;
			hasScannedForEncodings = 0;
			knownRegions = (
				en,
				Base,
			);
			mainGroup = 81B1BED1232951F7009CBE44;
			productRefGroup = 81B1BEDB232951F7009CBE44 /* Products */;
			projectDirPath = "";
			projectRoot = "";
			targets = (
				81B1BED9232951F7009CBE44 /* MathJaxSample */,
			);
		};
/* End PBXProject section */

/* Begin PBXResourcesBuildPhase section */
		81B1BED8232951F7009CBE44 /* Resources */ = {
			isa = PBXResourcesBuildPhase;
			buildActionMask = 2147483647;
			files = (
				81A291B5234E1FF7005790AE /* Katex in Resources */,
				81A291B4234E1FF7005790AE /* MathJax in Resources */,
				81B1BEF2232953FD009CBE44 /* Test.html in Resources */,
				81B1BEE8232951F8009CBE44 /* LaunchScreen.storyboard in Resources */,
				81B1BEE5232951F8009CBE44 /* Assets.xcassets in Resources */,
				81B1BEE3232951F7009CBE44 /* Main.storyboard in Resources */,
			);
			runOnlyForDeploymentPostprocessing = 0;
		};
/* End PBXResourcesBuildPhase section */

/* Begin PBXSourcesBuildPhase section */
		81B1BED6232951F7009CBE44 /* Sources */ = {
			isa = PBXSourcesBuildPhase;
			buildActionMask = 2147483647;
			files = (
				81B1BEE0232951F7009CBE44 /* ViewController.swift in Sources */,
				816271E7234C9F3200D2770B /* Logging.swift in Sources */,
				81B1BEDE232951F7009CBE44 /* AppDelegate.swift in Sources */,
			);
			runOnlyForDeploymentPostprocessing = 0;
		};
/* End PBXSourcesBuildPhase section */

/* Begin PBXVariantGroup section */
		81B1BEE1232951F7009CBE44 /* Main.storyboard */ = {
			isa = PBXVariantGroup;
			children = (
				81B1BEE2232951F7009CBE44 /* Base */,
			);
			name = Main.storyboard;
			sourceTree = "<group>";
		};
		81B1BEE6232951F8009CBE44 /* LaunchScreen.storyboard */ = {
			isa = PBXVariantGroup;
			children = (
				81B1BEE7232951F8009CBE44 /* Base */,
			);
			name = LaunchScreen.storyboard;
			sourceTree = "<group>";
		};
/* End PBXVariantGroup section */

/* Begin XCBuildConfiguration section */
		81B1BEEA232951F8009CBE44 /* Debug */ = {
			isa = XCBuildConfiguration;
			buildSettings = {
				ALWAYS_SEARCH_USER_PATHS = NO;
				CLANG_ANALYZER_NONNULL = YES;
				CLANG_ANALYZER_NUMBER_OBJECT_CONVERSION = YES_AGGRESSIVE;
				CLANG_CXX_LANGUAGE_STANDARD = "gnu++14";
				CLANG_CXX_LIBRARY = "libc++";
				CLANG_ENABLE_MODULES = YES;
				CLANG_ENABLE_OBJC_ARC = YES;
				CLANG_ENABLE_OBJC_WEAK = YES;
				CLANG_WARN_BLOCK_CAPTURE_AUTORELEASING = YES;
				CLANG_WARN_BOOL_CONVERSION = YES;
				CLANG_WARN_COMMA = YES;
				CLANG_WARN_CONSTANT_CONVERSION = YES;
				CLANG_WARN_DEPRECATED_OBJC_IMPLEMENTATIONS = YES;
				CLANG_WARN_DIRECT_OBJC_ISA_USAGE = YES_ERROR;
				CLANG_WARN_DOCUMENTATION_COMMENTS = YES;
				CLANG_WARN_EMPTY_BODY = YES;
				CLANG_WARN_ENUM_CONVERSION = YES;
				CLANG_WARN_INFINITE_RECURSION = YES;
				CLANG_WARN_INT_CONVERSION = YES;
				CLANG_WARN_NON_LITERAL_NULL_CONVERSION = YES;
				CLANG_WARN_OBJC_IMPLICIT_RETAIN_SELF = YES;
				CLANG_WARN_OBJC_LITERAL_CONVERSION = YES;
				CLANG_WARN_OBJC_ROOT_CLASS = YES_ERROR;
				CLANG_WARN_RANGE_LOOP_ANALYSIS = YES;
				CLANG_WARN_STRICT_PROTOTYPES = YES;
				CLANG_WARN_SUSPICIOUS_MOVE = YES;
				CLANG_WARN_UNGUARDED_AVAILABILITY = YES_AGGRESSIVE;
				CLANG_WARN_UNREACHABLE_CODE = YES;
				CLANG_WARN__DUPLICATE_METHOD_MATCH = YES;
				CODE_SIGN_IDENTITY = "iPhone Developer";
				COPY_PHASE_STRIP = NO;
				DEBUG_INFORMATION_FORMAT = dwarf;
				ENABLE_STRICT_OBJC_MSGSEND = YES;
				ENABLE_TESTABILITY = YES;
				GCC_C_LANGUAGE_STANDARD = gnu11;
				GCC_DYNAMIC_NO_PIC = NO;
				GCC_NO_COMMON_BLOCKS = YES;
				GCC_OPTIMIZATION_LEVEL = 0;
				GCC_PREPROCESSOR_DEFINITIONS = (
					"DEBUG=1",
					"$(inherited)",
				);
				GCC_WARN_64_TO_32_BIT_CONVERSION = YES;
				GCC_WARN_ABOUT_RETURN_TYPE = YES_ERROR;
				GCC_WARN_UNDECLARED_SELECTOR = YES;
				GCC_WARN_UNINITIALIZED_AUTOS = YES_AGGRESSIVE;
				GCC_WARN_UNUSED_FUNCTION = YES;
				GCC_WARN_UNUSED_VARIABLE = YES;
				IPHONEOS_DEPLOYMENT_TARGET = 12.4;
				MTL_ENABLE_DEBUG_INFO = INCLUDE_SOURCE;
				MTL_FAST_MATH = YES;
				ONLY_ACTIVE_ARCH = YES;
				SDKROOT = iphoneos;
				SWIFT_ACTIVE_COMPILATION_CONDITIONS = DEBUG;
				SWIFT_OPTIMIZATION_LEVEL = "-Onone";
			};
			name = Debug;
		};
		81B1BEEB232951F8009CBE44 /* Release */ = {
			isa = XCBuildConfiguration;
			buildSettings = {
				ALWAYS_SEARCH_USER_PATHS = NO;
				CLANG_ANALYZER_NONNULL = YES;
				CLANG_ANALYZER_NUMBER_OBJECT_CONVERSION = YES_AGGRESSIVE;
				CLANG_CXX_LANGUAGE_STANDARD = "gnu++14";
				CLANG_CXX_LIBRARY = "libc++";
				CLANG_ENABLE_MODULES = YES;
				CLANG_ENABLE_OBJC_ARC = YES;
				CLANG_ENABLE_OBJC_WEAK = YES;
				CLANG_WARN_BLOCK_CAPTURE_AUTORELEASING = YES;
				CLANG_WARN_BOOL_CONVERSION = YES;
				CLANG_WARN_COMMA = YES;
				CLANG_WARN_CONSTANT_CONVERSION = YES;
				CLANG_WARN_DEPRECATED_OBJC_IMPLEMENTATIONS = YES;
				CLANG_WARN_DIRECT_OBJC_ISA_USAGE = YES_ERROR;
				CLANG_WARN_DOCUMENTATION_COMMENTS = YES;
				CLANG_WARN_EMPTY_BODY = YES;
				CLANG_WARN_ENUM_CONVERSION = YES;
				CLANG_WARN_INFINITE_RECURSION = YES;
				CLANG_WARN_INT_CONVERSION = YES;
				CLANG_WARN_NON_LITERAL_NULL_CONVERSION = YES;
				CLANG_WARN_OBJC_IMPLICIT_RETAIN_SELF = YES;
				CLANG_WARN_OBJC_LITERAL_CONVERSION = YES;
				CLANG_WARN_OBJC_ROOT_CLASS = YES_ERROR;
				CLANG_WARN_RANGE_LOOP_ANALYSIS = YES;
				CLANG_WARN_STRICT_PROTOTYPES = YES;
				CLANG_WARN_SUSPICIOUS_MOVE = YES;
				CLANG_WARN_UNGUARDED_AVAILABILITY = YES_AGGRESSIVE;
				CLANG_WARN_UNREACHABLE_CODE = YES;
				CLANG_WARN__DUPLICATE_METHOD_MATCH = YES;
				CODE_SIGN_IDENTITY = "iPhone Developer";
				COPY_PHASE_STRIP = NO;
				DEBUG_INFORMATION_FORMAT = "dwarf-with-dsym";
				ENABLE_NS_ASSERTIONS = NO;
				ENABLE_STRICT_OBJC_MSGSEND = YES;
				GCC_C_LANGUAGE_STANDARD = gnu11;
				GCC_NO_COMMON_BLOCKS = YES;
				GCC_WARN_64_TO_32_BIT_CONVERSION = YES;
				GCC_WARN_ABOUT_RETURN_TYPE = YES_ERROR;
				GCC_WARN_UNDECLARED_SELECTOR = YES;
				GCC_WARN_UNINITIALIZED_AUTOS = YES_AGGRESSIVE;
				GCC_WARN_UNUSED_FUNCTION = YES;
				GCC_WARN_UNUSED_VARIABLE = YES;
				IPHONEOS_DEPLOYMENT_TARGET = 12.4;
				MTL_ENABLE_DEBUG_INFO = NO;
				MTL_FAST_MATH = YES;
				SDKROOT = iphoneos;
				SWIFT_COMPILATION_MODE = wholemodule;
				SWIFT_OPTIMIZATION_LEVEL = "-O";
				VALIDATE_PRODUCT = YES;
			};
			name = Release;
		};
		81B1BEED232951F8009CBE44 /* Debug */ = {
			isa = XCBuildConfiguration;
			buildSettings = {
				ASSETCATALOG_COMPILER_APPICON_NAME = AppIcon;
				CODE_SIGN_STYLE = Automatic;
				DEVELOPMENT_TEAM = UW8Z95Z285;
				INFOPLIST_FILE = MathJaxSample/Info.plist;
				IPHONEOS_DEPLOYMENT_TARGET = 11.4;
				LD_RUNPATH_SEARCH_PATHS = (
					"$(inherited)",
					"@executable_path/Frameworks",
				);
				PRODUCT_BUNDLE_IDENTIFIER = com.arcadia.MathJaxSample;
				PRODUCT_NAME = "$(TARGET_NAME)";
				SWIFT_VERSION = 5.0;
				TARGETED_DEVICE_FAMILY = "1,2";
			};
			name = Debug;
		};
		81B1BEEE232951F8009CBE44 /* Release */ = {
			isa = XCBuildConfiguration;
			buildSettings = {
				ASSETCATALOG_COMPILER_APPICON_NAME = AppIcon;
				CODE_SIGN_STYLE = Automatic;
				DEVELOPMENT_TEAM = UW8Z95Z285;
				INFOPLIST_FILE = MathJaxSample/Info.plist;
				IPHONEOS_DEPLOYMENT_TARGET = 11.4;
				LD_RUNPATH_SEARCH_PATHS = (
					"$(inherited)",
					"@executable_path/Frameworks",
				);
				PRODUCT_BUNDLE_IDENTIFIER = com.arcadia.MathJaxSample;
				PRODUCT_NAME = "$(TARGET_NAME)";
				SWIFT_VERSION = 5.0;
				TARGETED_DEVICE_FAMILY = "1,2";
			};
			name = Release;
		};
/* End XCBuildConfiguration section */

/* Begin XCConfigurationList section */
		81B1BED5232951F7009CBE44 /* Build configuration list for PBXProject "MathJaxSample" */ = {
			isa = XCConfigurationList;
			buildConfigurations = (
				81B1BEEA232951F8009CBE44 /* Debug */,
				81B1BEEB232951F8009CBE44 /* Release */,
			);
			defaultConfigurationIsVisible = 0;
			defaultConfigurationName = Release;
		};
		81B1BEEC232951F8009CBE44 /* Build configuration list for PBXNativeTarget "MathJaxSample" */ = {
			isa = XCConfigurationList;
			buildConfigurations = (
				81B1BEED232951F8009CBE44 /* Debug */,
				81B1BEEE232951F8009CBE44 /* Release */,
			);
			defaultConfigurationIsVisible = 0;
			defaultConfigurationName = Release;
		};
/* End XCConfigurationList section */
	};
	rootObject = 81B1BED2232951F7009CBE44 /* Project object */;
}
